
Microsoft Visual Studio Solution File, Format Version 12.00
# Visual Studio Version 17
VisualStudioVersion = 17.1.32421.90
MinimumVisualStudioVersion = 10.0.40219.1
Project("{FAE04EC0-301F-11D3-BF4B-00C04F79EFBC}") = "TestBlazorWASM.Server", "TestBlazorWASM\Server\TestBlazorWASM.Server.csproj", "{38BE9F14-1FD5-4381-8E5B-1A445F0B7BB8}"
EndProject
Project("{FAE04EC0-301F-11D3-BF4B-00C04F79EFBC}") = "TestBlazorWASM.Client", "TestBlazorWASM\Client\TestBlazorWASM.Client.csproj", "{B2CCFFE2-CFBC-4729-8CF1-83044E4F280E}"
EndProject
Project("{FAE04EC0-301F-11D3-BF4B-00C04F79EFBC}") = "TestBlazorWASM.Shared", "TestBlazorWASM\Shared\TestBlazorWASM.Shared.csproj", "{CAA6BA06-8E36-4025-A273-9CD23D4F7361}"
EndProject
Global
	GlobalSection(SolutionConfigurationPlatforms) = preSolution
		Debug|Any CPU = Debug|Any CPU
		Release|Any CPU = Release|Any CPU
	EndGlobalSection
	GlobalSection(ProjectConfigurationPlatforms) = postSolution
		{38BE9F14-1FD5-4381-8E5B-1A445F0B7BB8}.Debug|Any CPU.ActiveCfg = Debug|Any CPU
		{38BE9F14-1FD5-4381-8E5B-1A445F0B7BB8}.Debug|Any CPU.Build.0 = Debug|Any CPU
		{38BE9F14-1FD5-4381-8E5B-1A445F0B7BB8}.Release|Any CPU.ActiveCfg = Release|Any CPU
		{38BE9F14-1FD5-4381-8E5B-1A445F0B7BB8}.Release|Any CPU.Build.0 = Release|Any CPU
		{B2CCFFE2-CFBC-4729-8CF1-83044E4F280E}.Debug|Any CPU.ActiveCfg = Debug|Any CPU
		{B2CCFFE2-CFBC-4729-8CF1-83044E4F280E}.Debug|Any CPU.Build.0 = Debug|Any CPU
		{B2CCFFE2-CFBC-4729-8CF1-83044E4F280E}.Release|Any CPU.ActiveCfg = Release|Any CPU
		{B2CCFFE2-CFBC-4729-8CF1-83044E4F280E}.Release|Any CPU.Build.0 = Release|Any CPU
		{CAA6BA06-8E36-4025-A273-9CD23D4F7361}.Debug|Any CPU.ActiveCfg = Debug|Any CPU
		{CAA6BA06-8E36-4025-A273-9CD23D4F7361}.Debug|Any CPU.Build.0 = Debug|Any CPU
		{CAA6BA06-8E36-4025-A273-9CD23D4F7361}.Release|Any CPU.ActiveCfg = Release|Any CPU
		{CAA6BA06-8E36-4025-A273-9CD23D4F7361}.Release|Any CPU.Build.0 = Release|Any CPU
	EndGlobalSection
	GlobalSection(SolutionProperties) = preSolution
		HideSolutionNode = FALSE
	EndGlobalSection
	GlobalSection(ExtensibilityGlobals) = postSolution
		SolutionGuid = {490B4744-50CB-4F41-B486-8E6BC71C0C71}
	EndGlobalSection
EndGlobal
